
Microsoft Visual Studio Solution File, Format Version 12.00
# Visual Studio Version 17
VisualStudioVersion = 17.4.33110.190
MinimumVisualStudioVersion = 10.0.40219.1
Project("{FAE04EC0-301F-11D3-BF4B-00C04F79EFBC}") = "FakeAcad.IOManager", "FakeAcad.IOManager\FakeAcad.IOManager.csproj", "{F412E78E-C565-4758-88E0-D1282BF9C8CD}"
EndProject
Project("{FAE04EC0-301F-11D3-BF4B-00C04F79EFBC}") = "FakeAcad.Infrastructure", "FakeAcad.Infrastructure\FakeAcad.Infrastructure.csproj", "{590B0A53-4C5E-439C-ADE4-4F6E6C155144}"
EndProject
Project("{FAE04EC0-301F-11D3-BF4B-00C04F79EFBC}") = "FakeAcad.Core", "FakeAcad.Core\FakeAcad.Core.csproj", "{6DA32499-C2DA-4133-8875-B9331C71F27B}"
EndProject
Project("{FAE04EC0-301F-11D3-BF4B-00C04F79EFBC}") = "FakeAcad.BusinessLogic", "FakeAcad.BusinessLogic\FakeAcad.BusinessLogic.csproj", "{5BB9A234-6D92-4E2E-9180-43084259E608}"
EndProject
Project("{FAE04EC0-301F-11D3-BF4B-00C04F79EFBC}") = "FakeAcad.AuthService", "FakeAcad.AuthService\FakeAcad.AuthService.csproj", "{3797C166-FC55-499F-8861-759E2674D4CD}"
EndProject
Global
	GlobalSection(SolutionConfigurationPlatforms) = preSolution
		Debug|Any CPU = Debug|Any CPU
		Release|Any CPU = Release|Any CPU
	EndGlobalSection
	GlobalSection(SolutionProperties) = preSolution
		HideSolutionNode = FALSE
	EndGlobalSection
	GlobalSection(ExtensibilityGlobals) = postSolution
		SolutionGuid = {70E59841-DE5C-4000-B818-E2D95A55A633}
	EndGlobalSection
	GlobalSection(ProjectConfigurationPlatforms) = postSolution
		{F412E78E-C565-4758-88E0-D1282BF9C8CD}.Debug|Any CPU.ActiveCfg = Debug|Any CPU
		{F412E78E-C565-4758-88E0-D1282BF9C8CD}.Debug|Any CPU.Build.0 = Debug|Any CPU
		{F412E78E-C565-4758-88E0-D1282BF9C8CD}.Release|Any CPU.ActiveCfg = Release|Any CPU
		{F412E78E-C565-4758-88E0-D1282BF9C8CD}.Release|Any CPU.Build.0 = Release|Any CPU
		{590B0A53-4C5E-439C-ADE4-4F6E6C155144}.Debug|Any CPU.ActiveCfg = Debug|Any CPU
		{590B0A53-4C5E-439C-ADE4-4F6E6C155144}.Debug|Any CPU.Build.0 = Debug|Any CPU
		{590B0A53-4C5E-439C-ADE4-4F6E6C155144}.Release|Any CPU.ActiveCfg = Release|Any CPU
		{590B0A53-4C5E-439C-ADE4-4F6E6C155144}.Release|Any CPU.Build.0 = Release|Any CPU
		{6DA32499-C2DA-4133-8875-B9331C71F27B}.Debug|Any CPU.ActiveCfg = Debug|Any CPU
		{6DA32499-C2DA-4133-8875-B9331C71F27B}.Debug|Any CPU.Build.0 = Debug|Any CPU
		{6DA32499-C2DA-4133-8875-B9331C71F27B}.Release|Any CPU.ActiveCfg = Release|Any CPU
		{6DA32499-C2DA-4133-8875-B9331C71F27B}.Release|Any CPU.Build.0 = Release|Any CPU
		{5BB9A234-6D92-4E2E-9180-43084259E608}.Debug|Any CPU.ActiveCfg = Debug|Any CPU
		{5BB9A234-6D92-4E2E-9180-43084259E608}.Debug|Any CPU.Build.0 = Debug|Any CPU
		{5BB9A234-6D92-4E2E-9180-43084259E608}.Release|Any CPU.ActiveCfg = Release|Any CPU
		{5BB9A234-6D92-4E2E-9180-43084259E608}.Release|Any CPU.Build.0 = Release|Any CPU
		{3797C166-FC55-499F-8861-759E2674D4CD}.Debug|Any CPU.ActiveCfg = Debug|Any CPU
		{3797C166-FC55-499F-8861-759E2674D4CD}.Debug|Any CPU.Build.0 = Debug|Any CPU
		{3797C166-FC55-499F-8861-759E2674D4CD}.Release|Any CPU.ActiveCfg = Release|Any CPU
		{3797C166-FC55-499F-8861-759E2674D4CD}.Release|Any CPU.Build.0 = Release|Any CPU
	EndGlobalSection
EndGlobal
